
Microsoft Visual Studio Solution File, Format Version 12.00
# Visual Studio 2012
Project("{FAE04EC0-301F-11D3-BF4B-00C04F79EFBC}") = "Modul4", "Modul4\Modul4.csproj", "{C4CDA0BE-C265-4565-8245-8548D2788508}"
EndProject
Project("{FAE04EC0-301F-11D3-BF4B-00C04F79EFBC}") = "Modul4.iOS", "iOS\Modul4.iOS.csproj", "{AFB89744-A04C-4F21-A657-08FEB5A225C3}"
EndProject
Project("{FAE04EC0-301F-11D3-BF4B-00C04F79EFBC}") = "Modul4.Droid", "Droid\Modul4.Droid.csproj", "{1109D7E3-F5B0-46CE-B138-9A5C0DD17018}"
EndProject
Global
	GlobalSection(SolutionConfigurationPlatforms) = preSolution
		Debug|Any CPU = Debug|Any CPU
		Release|Any CPU = Release|Any CPU
		Debug|iPhoneSimulator = Debug|iPhoneSimulator
		Release|iPhone = Release|iPhone
		Release|iPhoneSimulator = Release|iPhoneSimulator
		Debug|iPhone = Debug|iPhone
	EndGlobalSection
	GlobalSection(ProjectConfigurationPlatforms) = postSolution
		{C4CDA0BE-C265-4565-8245-8548D2788508}.Debug|Any CPU.ActiveCfg = Debug|Any CPU
		{C4CDA0BE-C265-4565-8245-8548D2788508}.Debug|Any CPU.Build.0 = Debug|Any CPU
		{C4CDA0BE-C265-4565-8245-8548D2788508}.Release|Any CPU.ActiveCfg = Release|Any CPU
		{C4CDA0BE-C265-4565-8245-8548D2788508}.Release|Any CPU.Build.0 = Release|Any CPU
		{C4CDA0BE-C265-4565-8245-8548D2788508}.Debug|iPhoneSimulator.ActiveCfg = Debug|Any CPU
		{C4CDA0BE-C265-4565-8245-8548D2788508}.Debug|iPhoneSimulator.Build.0 = Debug|Any CPU
		{C4CDA0BE-C265-4565-8245-8548D2788508}.Release|iPhone.ActiveCfg = Release|Any CPU
		{C4CDA0BE-C265-4565-8245-8548D2788508}.Release|iPhone.Build.0 = Release|Any CPU
		{C4CDA0BE-C265-4565-8245-8548D2788508}.Release|iPhoneSimulator.ActiveCfg = Release|Any CPU
		{C4CDA0BE-C265-4565-8245-8548D2788508}.Release|iPhoneSimulator.Build.0 = Release|Any CPU
		{C4CDA0BE-C265-4565-8245-8548D2788508}.Debug|iPhone.ActiveCfg = Debug|Any CPU
		{C4CDA0BE-C265-4565-8245-8548D2788508}.Debug|iPhone.Build.0 = Debug|Any CPU
		{AFB89744-A04C-4F21-A657-08FEB5A225C3}.Debug|Any CPU.ActiveCfg = Debug|iPhoneSimulator
		{AFB89744-A04C-4F21-A657-08FEB5A225C3}.Debug|Any CPU.Build.0 = Debug|iPhoneSimulator
		{AFB89744-A04C-4F21-A657-08FEB5A225C3}.Release|Any CPU.ActiveCfg = Release|iPhone
		{AFB89744-A04C-4F21-A657-08FEB5A225C3}.Release|Any CPU.Build.0 = Release|iPhone
		{AFB89744-A04C-4F21-A657-08FEB5A225C3}.Debug|iPhoneSimulator.ActiveCfg = Debug|iPhoneSimulator
		{AFB89744-A04C-4F21-A657-08FEB5A225C3}.Debug|iPhoneSimulator.Build.0 = Debug|iPhoneSimulator
		{AFB89744-A04C-4F21-A657-08FEB5A225C3}.Release|iPhone.ActiveCfg = Release|iPhone
		{AFB89744-A04C-4F21-A657-08FEB5A225C3}.Release|iPhone.Build.0 = Release|iPhone
		{AFB89744-A04C-4F21-A657-08FEB5A225C3}.Release|iPhoneSimulator.ActiveCfg = Release|iPhoneSimulator
		{AFB89744-A04C-4F21-A657-08FEB5A225C3}.Release|iPhoneSimulator.Build.0 = Release|iPhoneSimulator
		{AFB89744-A04C-4F21-A657-08FEB5A225C3}.Debug|iPhone.ActiveCfg = Debug|iPhone
		{AFB89744-A04C-4F21-A657-08FEB5A225C3}.Debug|iPhone.Build.0 = Debug|iPhone
		{1109D7E3-F5B0-46CE-B138-9A5C0DD17018}.Debug|Any CPU.ActiveCfg = Debug|Any CPU
		{1109D7E3-F5B0-46CE-B138-9A5C0DD17018}.Debug|Any CPU.Build.0 = Debug|Any CPU
		{1109D7E3-F5B0-46CE-B138-9A5C0DD17018}.Release|Any CPU.ActiveCfg = Release|Any CPU
		{1109D7E3-F5B0-46CE-B138-9A5C0DD17018}.Release|Any CPU.Build.0 = Release|Any CPU
		{1109D7E3-F5B0-46CE-B138-9A5C0DD17018}.Debug|iPhoneSimulator.ActiveCfg = Debug|Any CPU
		{1109D7E3-F5B0-46CE-B138-9A5C0DD17018}.Debug|iPhoneSimulator.Build.0 = Debug|Any CPU
		{1109D7E3-F5B0-46CE-B138-9A5C0DD17018}.Release|iPhone.ActiveCfg = Release|Any CPU
		{1109D7E3-F5B0-46CE-B138-9A5C0DD17018}.Release|iPhone.Build.0 = Release|Any CPU
		{1109D7E3-F5B0-46CE-B138-9A5C0DD17018}.Release|iPhoneSimulator.ActiveCfg = Release|Any CPU
		{1109D7E3-F5B0-46CE-B138-9A5C0DD17018}.Release|iPhoneSimulator.Build.0 = Release|Any CPU
		{1109D7E3-F5B0-46CE-B138-9A5C0DD17018}.Debug|iPhone.ActiveCfg = Debug|Any CPU
		{1109D7E3-F5B0-46CE-B138-9A5C0DD17018}.Debug|iPhone.Build.0 = Debug|Any CPU
	EndGlobalSection
EndGlobal
